
Microsoft Visual Studio Solution File, Format Version 12.00
# Visual Studio Version 16
VisualStudioVersion = 16.0.31624.102
MinimumVisualStudioVersion = 10.0.40219.1
Project("{FAE04EC0-301F-11D3-BF4B-00C04F79EFBC}") = "VerstaApplication", "VerstaApplication\VerstaApplication.csproj", "{1A77A81B-7B15-4193-8A28-268EB4AD4FAB}"
EndProject
Global
	GlobalSection(SolutionConfigurationPlatforms) = preSolution
		Debug|Any CPU = Debug|Any CPU
		Release|Any CPU = Release|Any CPU
	EndGlobalSection
	GlobalSection(ProjectConfigurationPlatforms) = postSolution
		{1A77A81B-7B15-4193-8A28-268EB4AD4FAB}.Debug|Any CPU.ActiveCfg = Debug|Any CPU
		{1A77A81B-7B15-4193-8A28-268EB4AD4FAB}.Debug|Any CPU.Build.0 = Debug|Any CPU
		{1A77A81B-7B15-4193-8A28-268EB4AD4FAB}.Release|Any CPU.ActiveCfg = Release|Any CPU
		{1A77A81B-7B15-4193-8A28-268EB4AD4FAB}.Release|Any CPU.Build.0 = Release|Any CPU
	EndGlobalSection
	GlobalSection(SolutionProperties) = preSolution
		HideSolutionNode = FALSE
	EndGlobalSection
	GlobalSection(ExtensibilityGlobals) = postSolution
		SolutionGuid = {E3BB2D21-01F1-4C53-BD88-1BB90C7C56FE}
	EndGlobalSection
EndGlobal
